
Microsoft Visual Studio Solution File, Format Version 12.00
# Visual Studio 15
VisualStudioVersion = 15.0.28010.2050
MinimumVisualStudioVersion = 10.0.40219.1
Project("{FAE04EC0-301F-11D3-BF4B-00C04F79EFBC}") = "GOT", "GOT\GOT.csproj", "{61D52B65-E55A-43D6-A4CC-BAAC0AB93E8E}"
EndProject
Global
	GlobalSection(SolutionConfigurationPlatforms) = preSolution
		Debug|Any CPU = Debug|Any CPU
		Release|Any CPU = Release|Any CPU
	EndGlobalSection
	GlobalSection(ProjectConfigurationPlatforms) = postSolution
		{61D52B65-E55A-43D6-A4CC-BAAC0AB93E8E}.Debug|Any CPU.ActiveCfg = Debug|Any CPU
		{61D52B65-E55A-43D6-A4CC-BAAC0AB93E8E}.Debug|Any CPU.Build.0 = Debug|Any CPU
		{61D52B65-E55A-43D6-A4CC-BAAC0AB93E8E}.Release|Any CPU.ActiveCfg = Release|Any CPU
		{61D52B65-E55A-43D6-A4CC-BAAC0AB93E8E}.Release|Any CPU.Build.0 = Release|Any CPU
	EndGlobalSection
	GlobalSection(SolutionProperties) = preSolution
		HideSolutionNode = FALSE
	EndGlobalSection
	GlobalSection(ExtensibilityGlobals) = postSolution
		SolutionGuid = {5FAE1D82-9F7D-4C1F-9492-0354CB9F45C9}
	EndGlobalSection
EndGlobal
